// !$*UTF8*$!
{
	archiveVersion = 1;
	classes = {
	};
	objectVersion = 50;
	objects = {

/* Begin PBXBuildFile section */
		AC699CD62277154400A36F75 /* TelaPrincipalViewController.swift in Sources */ = {isa = PBXBuildFile; fileRef = AC699CD52277154300A36F75 /* TelaPrincipalViewController.swift */; };
		AC699CD82277183700A36F75 /* TelaVermelhaViewController.swift in Sources */ = {isa = PBXBuildFile; fileRef = AC699CD72277183700A36F75 /* TelaVermelhaViewController.swift */; };
		ACEBBE23226DDF4000731978 /* AppDelegate.swift in Sources */ = {isa = PBXBuildFile; fileRef = ACEBBE22226DDF4000731978 /* AppDelegate.swift */; };
		ACEBBE25226DDF4000731978 /* ViewController.swift in Sources */ = {isa = PBXBuildFile; fileRef = ACEBBE24226DDF4000731978 /* ViewController.swift */; };
		ACEBBE28226DDF4000731978 /* Main.storyboard in Resources */ = {isa = PBXBuildFile; fileRef = ACEBBE26226DDF4000731978 /* Main.storyboard */; };
		ACEBBE2A226DDF4A00731978 /* Assets.xcassets in Resources */ = {isa = PBXBuildFile; fileRef = ACEBBE29226DDF4A00731978 /* Assets.xcassets */; };
		ACEBBE2D226DDF4A00731978 /* LaunchScreen.storyboard in Resources */ = {isa = PBXBuildFile; fileRef = ACEBBE2B226DDF4A00731978 /* LaunchScreen.storyboard */; };
		ACEBBE35226DEC4D00731978 /* TelaXViewController.swift in Sources */ = {isa = PBXBuildFile; fileRef = ACEBBE34226DEC4D00731978 /* TelaXViewController.swift */; };
/* End PBXBuildFile section */

/* Begin PBXFileReference section */
		AC699CD52277154300A36F75 /* TelaPrincipalViewController.swift */ = {isa = PBXFileReference; lastKnownFileType = sourcecode.swift; path = TelaPrincipalViewController.swift; sourceTree = "<group>"; };
		AC699CD72277183700A36F75 /* TelaVermelhaViewController.swift */ = {isa = PBXFileReference; lastKnownFileType = sourcecode.swift; path = TelaVermelhaViewController.swift; sourceTree = "<group>"; };
		ACEBBE1F226DDF4000731978 /* Navegando entre Telas.app */ = {isa = PBXFileReference; explicitFileType = wrapper.application; includeInIndex = 0; path = "Navegando entre Telas.app"; sourceTree = BUILT_PRODUCTS_DIR; };
		ACEBBE22226DDF4000731978 /* AppDelegate.swift */ = {isa = PBXFileReference; lastKnownFileType = sourcecode.swift; path = AppDelegate.swift; sourceTree = "<group>"; };
		ACEBBE24226DDF4000731978 /* ViewController.swift */ = {isa = PBXFileReference; lastKnownFileType = sourcecode.swift; path = ViewController.swift; sourceTree = "<group>"; };
		ACEBBE27226DDF4000731978 /* Base */ = {isa = PBXFileReference; lastKnownFileType = file.storyboard; name = Base; path = Base.lproj/Main.storyboard; sourceTree = "<group>"; };
		ACEBBE29226DDF4A00731978 /* Assets.xcassets */ = {isa = PBXFileReference; lastKnownFileType = folder.assetcatalog; path = Assets.xcassets; sourceTree = "<group>"; };
		ACEBBE2C226DDF4A00731978 /* Base */ = {isa = PBXFileReference; lastKnownFileType = file.storyboard; name = Base; path = Base.lproj/LaunchScreen.storyboard; sourceTree = "<group>"; };
		ACEBBE2E226DDF4A00731978 /* Info.plist */ = {isa = PBXFileReference; lastKnownFileType = text.plist.xml; path = Info.plist; sourceTree = "<group>"; };
		ACEBBE34226DEC4D00731978 /* TelaXViewController.swift */ = {isa = PBXFileReference; lastKnownFileType = sourcecode.swift; path = TelaXViewController.swift; sourceTree = "<group>"; };
/* End PBXFileReference section */

/* Begin PBXFrameworksBuildPhase section */
		ACEBBE1C226DDF4000731978 /* Frameworks */ = {
			isa = PBXFrameworksBuildPhase;
			buildActionMask = 2147483647;
			files = (
			);
			runOnlyForDeploymentPostprocessing = 0;
		};
/* End PBXFrameworksBuildPhase section */

/* Begin PBXGroup section */
		ACEBBE16226DDF4000731978 = {
			isa = PBXGroup;
			children = (
				ACEBBE21226DDF4000731978 /* Navegando entre Telas */,
				ACEBBE20226DDF4000731978 /* Products */,
			);
			sourceTree = "<group>";
		};
		ACEBBE20226DDF4000731978 /* Products */ = {
			isa = PBXGroup;
			children = (
				ACEBBE1F226DDF4000731978 /* Navegando entre Telas.app */,
			);
			name = Products;
			sourceTree = "<group>";
		};
		ACEBBE21226DDF4000731978 /* Navegando entre Telas */ = {
			isa = PBXGroup;
			children = (
				ACEBBE22226DDF4000731978 /* AppDelegate.swift */,
				ACEBBE24226DDF4000731978 /* ViewController.swift */,
				ACEBBE26226DDF4000731978 /* Main.storyboard */,
				AC699CD72277183700A36F75 /* TelaVermelhaViewController.swift */,
				AC699CD52277154300A36F75 /* TelaPrincipalViewController.swift */,
				ACEBBE34226DEC4D00731978 /* TelaXViewController.swift */,
				ACEBBE29226DDF4A00731978 /* Assets.xcassets */,
				ACEBBE2B226DDF4A00731978 /* LaunchScreen.storyboard */,
				ACEBBE2E226DDF4A00731978 /* Info.plist */,
			);
			path = "Navegando entre Telas";
			sourceTree = "<group>";
		};
/* End PBXGroup section */

/* Begin PBXNativeTarget section */
		ACEBBE1E226DDF4000731978 /* Navegando entre Telas */ = {
			isa = PBXNativeTarget;
			buildConfigurationList = ACEBBE31226DDF4A00731978 /* Build configuration list for PBXNativeTarget "Navegando entre Telas" */;
			buildPhases = (
				ACEBBE1B226DDF4000731978 /* Sources */,
				ACEBBE1C226DDF4000731978 /* Frameworks */,
				ACEBBE1D226DDF4000731978 /* Resources */,
			);
			buildRules = (
			);
			dependencies = (
			);
			name = "Navegando entre Telas";
			productName = "Navegando entre Telas";
			productReference = ACEBBE1F226DDF4000731978 /* Navegando entre Telas.app */;
			productType = "com.apple.product-type.application";
		};
/* End PBXNativeTarget section */

/* Begin PBXProject section */
		ACEBBE17226DDF4000731978 /* Project object */ = {
			isa = PBXProject;
			attributes = {
				LastSwiftUpdateCheck = 1010;
				LastUpgradeCheck = 1010;
				ORGANIZATIONNAME = Paulera;
				TargetAttributes = {
					ACEBBE1E226DDF4000731978 = {
						CreatedOnToolsVersion = 10.1;
					};
				};
			};
			buildConfigurationList = ACEBBE1A226DDF4000731978 /* Build configuration list for PBXProject "Navegando entre Telas" */;
			compatibilityVersion = "Xcode 9.3";
			developmentRegion = en;
			hasScannedForEncodings = 0;
			knownRegions = (
				en,
				Base,
			);
			mainGroup = ACEBBE16226DDF4000731978;
			productRefGroup = ACEBBE20226DDF4000731978 /* Products */;
			projectDirPath = "";
			projectRoot = "";
			targets = (
				ACEBBE1E226DDF4000731978 /* Navegando entre Telas */,
			);
		};
/* End PBXProject section */

/* Begin PBXResourcesBuildPhase section */
		ACEBBE1D226DDF4000731978 /* Resources */ = {
			isa = PBXResourcesBuildPhase;
			buildActionMask = 2147483647;
			files = (
				ACEBBE2D226DDF4A00731978 /* LaunchScreen.storyboard in Resources */,
				ACEBBE2A226DDF4A00731978 /* Assets.xcassets in Resources */,
				ACEBBE28226DDF4000731978 /* Main.storyboard in Resources */,
			);
			runOnlyForDeploymentPostprocessing = 0;
		};
/* End PBXResourcesBuildPhase section */

/* Begin PBXSourcesBuildPhase section */
		ACEBBE1B226DDF4000731978 /* Sources */ = {
			isa = PBXSourcesBuildPhase;
			buildActionMask = 2147483647;
			files = (
				ACEBBE35226DEC4D00731978 /* TelaXViewController.swift in Sources */,
				AC699CD82277183700A36F75 /* TelaVermelhaViewController.swift in Sources */,
				AC699CD62277154400A36F75 /* TelaPrincipalViewController.swift in Sources */,
				ACEBBE25226DDF4000731978 /* ViewController.swift in Sources */,
				ACEBBE23226DDF4000731978 /* AppDelegate.swift in Sources */,
			);
			runOnlyForDeploymentPostprocessing = 0;
		};
/* End PBXSourcesBuildPhase section */

/* Begin PBXVariantGroup section */
		ACEBBE26226DDF4000731978 /* Main.storyboard */ = {
			isa = PBXVariantGroup;
			children = (
				ACEBBE27226DDF4000731978 /* Base */,
			);
			name = Main.storyboard;
			sourceTree = "<group>";
		};
		ACEBBE2B226DDF4A00731978 /* LaunchScreen.storyboard */ = {
			isa = PBXVariantGroup;
			children = (
				ACEBBE2C226DDF4A00731978 /* Base */,
			);
			name = LaunchScreen.storyboard;
			sourceTree = "<group>";
		};
/* End PBXVariantGroup section */

/* Begin XCBuildConfiguration section */
		ACEBBE2F226DDF4A00731978 /* Debug */ = {
			isa = XCBuildConfiguration;
			buildSettings = {
				ALWAYS_SEARCH_USER_PATHS = NO;
				CLANG_ANALYZER_NONNULL = YES;
				CLANG_ANALYZER_NUMBER_OBJECT_CONVERSION = YES_AGGRESSIVE;
				CLANG_CXX_LANGUAGE_STANDARD = "gnu++14";
				CLANG_CXX_LIBRARY = "libc++";
				CLANG_ENABLE_MODULES = YES;
				CLANG_ENABLE_OBJC_ARC = YES;
				CLANG_ENABLE_OBJC_WEAK = YES;
				CLANG_WARN_BLOCK_CAPTURE_AUTORELEASING = YES;
				CLANG_WARN_BOOL_CONVERSION = YES;
				CLANG_WARN_COMMA = YES;
				CLANG_WARN_CONSTANT_CONVERSION = YES;
				CLANG_WARN_DEPRECATED_OBJC_IMPLEMENTATIONS = YES;
				CLANG_WARN_DIRECT_OBJC_ISA_USAGE = YES_ERROR;
				CLANG_WARN_DOCUMENTATION_COMMENTS = YES;
				CLANG_WARN_EMPTY_BODY = YES;
				CLANG_WARN_ENUM_CONVERSION = YES;
				CLANG_WARN_INFINITE_RECURSION = YES;
				CLANG_WARN_INT_CONVERSION = YES;
				CLANG_WARN_NON_LITERAL_NULL_CONVERSION = YES;
				CLANG_WARN_OBJC_IMPLICIT_RETAIN_SELF = YES;
				CLANG_WARN_OBJC_LITERAL_CONVERSION = YES;
				CLANG_WARN_OBJC_ROOT_CLASS = YES_ERROR;
				CLANG_WARN_RANGE_LOOP_ANALYSIS = YES;
				CLANG_WARN_STRICT_PROTOTYPES = YES;
				CLANG_WARN_SUSPICIOUS_MOVE = YES;
				CLANG_WARN_UNGUARDED_AVAILABILITY = YES_AGGRESSIVE;
				CLANG_WARN_UNREACHABLE_CODE = YES;
				CLANG_WARN__DUPLICATE_METHOD_MATCH = YES;
				CODE_SIGN_IDENTITY = "iPhone Developer";
				COPY_PHASE_STRIP = NO;
				DEBUG_INFORMATION_FORMAT = dwarf;
				ENABLE_STRICT_OBJC_MSGSEND = YES;
				ENABLE_TESTABILITY = YES;
				GCC_C_LANGUAGE_STANDARD = gnu11;
				GCC_DYNAMIC_NO_PIC = NO;
				GCC_NO_COMMON_BLOCKS = YES;
				GCC_OPTIMIZATION_LEVEL = 0;
				GCC_PREPROCESSOR_DEFINITIONS = (
					"DEBUG=1",
					"$(inherited)",
				);
				GCC_WARN_64_TO_32_BIT_CONVERSION = YES;
				GCC_WARN_ABOUT_RETURN_TYPE = YES_ERROR;
				GCC_WARN_UNDECLARED_SELECTOR = YES;
				GCC_WARN_UNINITIALIZED_AUTOS = YES_AGGRESSIVE;
				GCC_WARN_UNUSED_FUNCTION = YES;
				GCC_WARN_UNUSED_VARIABLE = YES;
				IPHONEOS_DEPLOYMENT_TARGET = 12.1;
				MTL_ENABLE_DEBUG_INFO = INCLUDE_SOURCE;
				MTL_FAST_MATH = YES;
				ONLY_ACTIVE_ARCH = YES;
				SDKROOT = iphoneos;
				SWIFT_ACTIVE_COMPILATION_CONDITIONS = DEBUG;
				SWIFT_OPTIMIZATION_LEVEL = "-Onone";
			};
			name = Debug;
		};
		ACEBBE30226DDF4A00731978 /* Release */ = {
			isa = XCBuildConfiguration;
			buildSettings = {
				ALWAYS_SEARCH_USER_PATHS = NO;
				CLANG_ANALYZER_NONNULL = YES;
				CLANG_ANALYZER_NUMBER_OBJECT_CONVERSION = YES_AGGRESSIVE;
				CLANG_CXX_LANGUAGE_STANDARD = "gnu++14";
				CLANG_CXX_LIBRARY = "libc++";
				CLANG_ENABLE_MODULES = YES;
				CLANG_ENABLE_OBJC_ARC = YES;
				CLANG_ENABLE_OBJC_WEAK = YES;
				CLANG_WARN_BLOCK_CAPTURE_AUTORELEASING = YES;
				CLANG_WARN_BOOL_CONVERSION = YES;
				CLANG_WARN_COMMA = YES;
				CLANG_WARN_CONSTANT_CONVERSION = YES;
				CLANG_WARN_DEPRECATED_OBJC_IMPLEMENTATIONS = YES;
				CLANG_WARN_DIRECT_OBJC_ISA_USAGE = YES_ERROR;
				CLANG_WARN_DOCUMENTATION_COMMENTS = YES;
				CLANG_WARN_EMPTY_BODY = YES;
				CLANG_WARN_ENUM_CONVERSION = YES;
				CLANG_WARN_INFINITE_RECURSION = YES;
				CLANG_WARN_INT_CONVERSION = YES;
				CLANG_WARN_NON_LITERAL_NULL_CONVERSION = YES;
				CLANG_WARN_OBJC_IMPLICIT_RETAIN_SELF = YES;
				CLANG_WARN_OBJC_LITERAL_CONVERSION = YES;
				CLANG_WARN_OBJC_ROOT_CLASS = YES_ERROR;
				CLANG_WARN_RANGE_LOOP_ANALYSIS = YES;
				CLANG_WARN_STRICT_PROTOTYPES = YES;
				CLANG_WARN_SUSPICIOUS_MOVE = YES;
				CLANG_WARN_UNGUARDED_AVAILABILITY = YES_AGGRESSIVE;
				CLANG_WARN_UNREACHABLE_CODE = YES;
				CLANG_WARN__DUPLICATE_METHOD_MATCH = YES;
				CODE_SIGN_IDENTITY = "iPhone Developer";
				COPY_PHASE_STRIP = NO;
				DEBUG_INFORMATION_FORMAT = "dwarf-with-dsym";
				ENABLE_NS_ASSERTIONS = NO;
				ENABLE_STRICT_OBJC_MSGSEND = YES;
				GCC_C_LANGUAGE_STANDARD = gnu11;
				GCC_NO_COMMON_BLOCKS = YES;
				GCC_WARN_64_TO_32_BIT_CONVERSION = YES;
				GCC_WARN_ABOUT_RETURN_TYPE = YES_ERROR;
				GCC_WARN_UNDECLARED_SELECTOR = YES;
				GCC_WARN_UNINITIALIZED_AUTOS = YES_AGGRESSIVE;
				GCC_WARN_UNUSED_FUNCTION = YES;
				GCC_WARN_UNUSED_VARIABLE = YES;
				IPHONEOS_DEPLOYMENT_TARGET = 12.1;
				MTL_ENABLE_DEBUG_INFO = NO;
				MTL_FAST_MATH = YES;
				SDKROOT = iphoneos;
				SWIFT_COMPILATION_MODE = wholemodule;
				SWIFT_OPTIMIZATION_LEVEL = "-O";
				VALIDATE_PRODUCT = YES;
			};
			name = Release;
		};
		ACEBBE32226DDF4A00731978 /* Debug */ = {
			isa = XCBuildConfiguration;
			buildSettings = {
				ASSETCATALOG_COMPILER_APPICON_NAME = AppIcon;
				CODE_SIGN_STYLE = Automatic;
				INFOPLIST_FILE = "Navegando entre Telas/Info.plist";
				IPHONEOS_DEPLOYMENT_TARGET = 12.0;
				LD_RUNPATH_SEARCH_PATHS = (
					"$(inherited)",
					"@executable_path/Frameworks",
				);
				PRODUCT_BUNDLE_IDENTIFIER = "com.fiap.Navegando-entre-Telas";
				PRODUCT_NAME = "$(TARGET_NAME)";
				SWIFT_VERSION = 4.2;
				TARGETED_DEVICE_FAMILY = "1,2";
			};
			name = Debug;
		};
		ACEBBE33226DDF4A00731978 /* Release */ = {
			isa = XCBuildConfiguration;
			buildSettings = {
				ASSETCATALOG_COMPILER_APPICON_NAME = AppIcon;
				CODE_SIGN_STYLE = Automatic;
				INFOPLIST_FILE = "Navegando entre Telas/Info.plist";
				IPHONEOS_DEPLOYMENT_TARGET = 12.0;
				LD_RUNPATH_SEARCH_PATHS = (
					"$(inherited)",
					"@executable_path/Frameworks",
				);
				PRODUCT_BUNDLE_IDENTIFIER = "com.fiap.Navegando-entre-Telas";
				PRODUCT_NAME = "$(TARGET_NAME)";
				SWIFT_VERSION = 4.2;
				TARGETED_DEVICE_FAMILY = "1,2";
			};
			name = Release;
		};
/* End XCBuildConfiguration section */

/* Begin XCConfigurationList section */
		ACEBBE1A226DDF4000731978 /* Build configuration list for PBXProject "Navegando entre Telas" */ = {
			isa = XCConfigurationList;
			buildConfigurations = (
				ACEBBE2F226DDF4A00731978 /* Debug */,
				ACEBBE30226DDF4A00731978 /* Release */,
			);
			defaultConfigurationIsVisible = 0;
			defaultConfigurationName = Release;
		};
		ACEBBE31226DDF4A00731978 /* Build configuration list for PBXNativeTarget "Navegando entre Telas" */ = {
			isa = XCConfigurationList;
			buildConfigurations = (
				ACEBBE32226DDF4A00731978 /* Debug */,
				ACEBBE33226DDF4A00731978 /* Release */,
			);
			defaultConfigurationIsVisible = 0;
			defaultConfigurationName = Release;
		};
/* End XCConfigurationList section */
	};
	rootObject = ACEBBE17226DDF4000731978 /* Project object */;
}
